filippo.io/edwards25519 v1.1.0 h1:FNf4tywRC1HmFuKW5xopWpigGjJKiJSV0Cqo0cJWDaA=
filippo.io/edwards25519 v1.1.0/go.mod h1:BxyFTGdWcka3PhytdK4V28tE5sGfRvvvRV7EaN4VDT4=
github.com/apache/arrow-go/v18 v18.4.1 h1:q/jVkBWCJOB9reDgaIZIdruLQUb1kbkvOnOFezVH1C4=
github.com/apache/arrow-go/v18 v18.4.1/go.mod h1:tLyFubsAl17bvFdUAy24bsSvA/6ww95Iqi67fTpGu3E=
github.com/duckdb/duckdb-go-bindings v0.1.24 h1:p1v3GruGHGcZD69cWauH6QrOX32oooqdUAxrWK3Fo6o=
github.com/duckdb/duckdb-go-bindings v0.1.24/go.mod h1:WA7U/o+b37MK2kiOPPueVZ+FIxt5AZFCjszi8hHeH18=
github.com/duckdb/duckdb-go-bindings/darwin-amd64 v0.1.24 h1:XhqMj+bvpTIm+hMeps1Kk94r2eclAswk2ISFs4jMm+g=
github.com/duckdb/duckdb-go-bindings/darwin-amd64 v0.1.24/go.mod h1:jfbOHwGZqNCpMAxV4g4g5jmWr0gKdMvh2fGusPubxC4=
github.com/duckdb/duckdb-go-bindings/darwin-arm64 v0.1.24 h1:OyHr5PykY5FG81jchpRoESMDQX1HK66PdNsfxoHxbwM=
github.com/duckdb/duckdb-go-bindings/darwin-arm64 v0.1.24/go.mod h1:zLVtv1a7TBuTPvuAi32AIbnuw7jjaX5JElZ+urv1ydc=
github.com/duckdb/duckdb-go-bindings/linux-amd64 v0.1.24 h1:6Y4VarmcT7Oe8stwta4dOLlUX8aG4ciG9VhFKnp91a4=
github.com/duckdb/duckdb-go-bindings/linux-amd64 v0.1.24/go.mod h1:GCaBoYnuLZEva7BXzdXehTbqh9VSvpLB80xcmxGBGs8=
github.com/duckdb/duckdb-go-bindings/linux-arm64 v0.1.24 h1:NCAGH7o1RsJv631EQGOqs94ABtmYZO6JjMHkv7GIgG8=
github.com/duckdb/duckdb-go-bindings/linux-arm64 v0.1.24/go.mod h1:kpQSpJmDSSZQ3ikbZR1/8UqecqMeUkWFjFX2xZxlCuI=
github.com/duckdb/duckdb-go-bindings/windows-amd64 v0.1.24 h1:JOupXaHMMu8zLgq7v9uxPjl1CXSJHlISCxopMiqtkzU=
github.com/duckdb/duckdb-go-bindings/windows-amd64 v0.1.24/go.mod h1:wa+egSGXTPS16NPADFCK1yFyt3VSXxUS6Pt2fLnvRPM=
github.com/duckdb/duckdb-go/arrowmapping v0.0.27 h1:w0XKX+EJpAN4XOQlKxSxSKZq/tCVbRfTRBp98jA0q8M=
github.com/duckdb/duckdb-go/arrowmapping v0.0.27/go.mod h1:VkFx49Icor1bbxOPxAU8jRzwL0nTXICOthxVq4KqOqQ=
github.com/duckdb/duckdb-go/mapping v0.0.27 h1:QEta+qPEKmfhd89U8vnm4MVslj1UscmkyJwu8x+OtME=
github.com/duckdb/duckdb-go/mapping v0.0.27/go.mod h1:7C4QWJWG6UOV9b0iWanfF5ML1ivJPX45Kz+VmlvRlTA=
github.com/duckdb/duckdb-go/v2 v2.5.4 h1:+ip+wPCwf7Eu/dXxp19aLCxwpLUaeOy2UV/peBphXK0=
github.com/duckdb/duckdb-go/v2 v2.5.4/go.mod h1:CeobOFmWpf7MTDb+MW08/zIWP8TQ2jbPbMgGo5761tY=
github.com/go-sql-driver/mysql v1.8.1 h1:LedoTUt/eveggdHS9qUFC1EFSa8bU2+1pZjSRpvNJ1Y=
github.com/go-sql-driver/mysql v1.8.1/go.mod h1:wEBSXgmK//2ZFJyE+qWnIsVGmvmEKlqwuVSjsCm7DZg=
github.com/go-viper/mapstructure/v2 v2.4.0 h1:EBsztssimR/CONLSZZ04E8qAkxNYq4Qp9LvH92wZUgs=
github.com/go-viper/mapstructure/v2 v2.4.0/go.mod h1:oJDH3BJKyqBA2TXFhDsKDGDTlndYOZ6rGS0BRZIxGhM=
github.com/goccy/go-json v0.10.5 h1:Fq85nIqj+gXn/S5ahsiTlK3TmC85qgirsdTP/+DeaC4=
github.com/goccy/go-json v0.10.5/go.mod h1:oq7eo15ShAhp70Anwd5lgX2pLfOS3QCiwU/PULtXL6M=
github.com/google/flatbuffers v25.9.23+incompatible h1:rGZKv+wOb6QPzIdkM2KxhBZCDrA0DeN6DNmRDrqIsQU=
github.com/google/flatbuffers v25.9.23+incompatible/go.mod h1:1AeVuKshWv4vARoZatz6mlQ0JxURH0Kv5+zNeJKJCa8=
github.com/google/uuid v1.6.0 h1:NIvaJDMOsjHA8n1jAhLSgzrAzy1Hgr+hNrb57e+94F0=
github.com/google/uuid v1.6.0/go.mod h1:TIyPZe4MgqvfeYDBFedMoGGpEw/LqOeaOT+nhxU+yHo=
github.com/jmoiron/sqlx v1.4.0 h1:1PLqN7S1UYp5t4SrVVnt4nUVNemrDAtxlulVe+Qgm3o=
github.com/jmoiron/sqlx v1.4.0/go.mod h1:ZrZ7UsYB/weZdl2Bxg6jCRO9c3YHl8r3ahlKmRT4JLY=
github.com/klauspost/compress v1.18.2 h1:iiPHWW0YrcFgpBYhsA6D1+fqHssJscY/Tm/y2Uqnapk=
github.com/klauspost/compress v1.18.2/go.mod h1:R0h/fSBs8DE4ENlcrlib3PsXS61voFxhIs2DeRhCvJ4=
github.com/klauspost/cpuid/v2 v2.3.0 h1:S4CRMLnYUhGeDFDqkGriYKdfoFlDnMtqTiI/sFzhA9Y=
github.com/klauspost/cpuid/v2 v2.3.0/go.mod h1:hqwkgyIinND0mEev00jJYCxPNVRVXFQeu1XKlok6oO0=
github.com/lib/pq v1.10.9 h1:YXG7RB+JIjhP29X+OtkiDnYaXQwpS4JEWq7dtCCRUEw=
github.com/lib/pq v1.10.9/go.mod h1:AlVN5x4E4T544tWzH6hKfbfQvm3HdbOxrmggDNAPY9o=
github.com/mattn/go-sqlite3 v1.14.22/go.mod h1:Uh1q+B4BYcTPb+yiD3kU8Ct7aC0hY9fxUwlHK0RXw+Y=
github.com/mattn/go-sqlite3 v1.14.24 h1:tpSp2G2KyMnnQu99ngJ47EIkWVmliIizyZBfPrBWDRM=
github.com/mattn/go-sqlite3 v1.14.24/go.mod h1:Uh1q+B4BYcTPb+yiD3kU8Ct7aC0hY9fxUwlHK0RXw+Y=
github.com/pierrec/lz4/v4 v4.1.22 h1:cKFw6uJDK+/gfw5BcDL0JL5aBsAFdsIT18eRtLj7VIU=
github.com/pierrec/lz4/v4 v4.1.22/go.mod h1:gZWDp/Ze/IJXGXf23ltt2EXimqmTUXEy0GFuRQyBid4=
github.com/zeebo/xxh3 v1.0.2 h1:xZmwmqxHZA8AI603jOQ0tMqmBr9lPeFwGg6d+xy9DC0=
github.com/zeebo/xxh3 v1.0.2/go.mod h1:5NWz9Sef7zIDm2JHfFlcQvNekmcEl9ekUZQQKCYaDcA=
golang.org/x/exp v0.0.0-20251209150349-8475f28825e9 h1:MDfG8Cvcqlt9XXrmEiD4epKn7VJHZO84hejP9Jmp0MM=
golang.org/x/exp v0.0.0-20251209150349-8475f28825e9/go.mod h1:EPRbTFwzwjXj9NpYyyrvenVh9Y+GFeEvMNh7Xuz7xgU=
golang.org/x/mod v0.31.0 h1:HaW9xtz0+kOcWKwli0ZXy79Ix+UW/vOfmWI5QVd2tgI=
golang.org/x/mod v0.31.0/go.mod h1:43JraMp9cGx1Rx3AqioxrbrhNsLl2l/iNAvuBkrezpg=
golang.org/x/sync v0.19.0 h1:vV+1eWNmZ5geRlYjzm2adRgW2/mcpevXNg50YZtPCE4=
golang.org/x/sync v0.19.0/go.mod h1:9KTHXmSnoGruLpwFjVSX0lNNA75CykiMECbovNTZqGI=
golang.org/x/sys v0.39.0 h1:CvCKL8MeisomCi6qNZ+wbb0DN9E5AATixKsvNtMoMFk=
golang.org/x/sys v0.39.0/go.mod h1:OgkHotnGiDImocRcuBABYBEXf8A9a87e/uXjp9XT3ks=
golang.org/x/telemetry v0.0.0-20251208220230-2638a1023523 h1:H52Mhyrc44wBgLTGzq6+0cmuVuF3LURCSXsLMOqfFos=
golang.org/x/telemetry v0.0.0-20251208220230-2638a1023523/go.mod h1:ArQvPJS723nJQietgilmZA+shuB3CZxH1n2iXq9VSfs=
golang.org/x/tools v0.40.0 h1:yLkxfA+Qnul4cs9QA3KnlFu0lVmd8JJfoq+E41uSutA=
golang.org/x/tools v0.40.0/go.mod h1:Ik/tzLRlbscWpqqMRjyWYDisX8bG13FrdXp3o4Sr9lc=
golang.org/x/xerrors v0.0.0-20240903120638-7835f813f4da h1:noIWHXmPHxILtqtCOPIhSt0ABwskkZKjD3bXGnZGpNY=
golang.org/x/xerrors v0.0.0-20240903120638-7835f813f4da/go.mod h1:NDW/Ps6MPRej6fsCIbMTohpP40sJ/P/vI1MoTEGwX90=
